
Microsoft Visual Studio Solution File, Format Version 12.00
Project("{FAE04EC0-301F-11D3-BF4B-00C04F79EFBC}") = "BE_001.Web", "BE_001.Web\BE_001.Web.csproj", "{2BB7157A-3E79-46D0-82AD-BF4D2B11AF2D}"
EndProject
Global
	GlobalSection(SolutionConfigurationPlatforms) = preSolution
		Debug|Any CPU = Debug|Any CPU
		Release|Any CPU = Release|Any CPU
	EndGlobalSection
	GlobalSection(ProjectConfigurationPlatforms) = postSolution
		{2BB7157A-3E79-46D0-82AD-BF4D2B11AF2D}.Debug|Any CPU.ActiveCfg = Debug|Any CPU
		{2BB7157A-3E79-46D0-82AD-BF4D2B11AF2D}.Debug|Any CPU.Build.0 = Debug|Any CPU
		{2BB7157A-3E79-46D0-82AD-BF4D2B11AF2D}.Release|Any CPU.ActiveCfg = Release|Any CPU
		{2BB7157A-3E79-46D0-82AD-BF4D2B11AF2D}.Release|Any CPU.Build.0 = Release|Any CPU
	EndGlobalSection
EndGlobal
